
Microsoft Visual Studio Solution File, Format Version 12.00
# Visual Studio Version 17
VisualStudioVersion = 17.7.34003.232
MinimumVisualStudioVersion = 10.0.40219.1
Project("{FAE04EC0-301F-11D3-BF4B-00C04F79EFBC}") = "ImportCSVintoMySQL", "ImportCSVintoMySQL.csproj", "{BA66353B-6F83-4428-9AC7-D24957E99DCA}"
EndProject
Global
	GlobalSection(SolutionConfigurationPlatforms) = preSolution
		Debug|Any CPU = Debug|Any CPU
		Release|Any CPU = Release|Any CPU
	EndGlobalSection
	GlobalSection(ProjectConfigurationPlatforms) = postSolution
		{BA66353B-6F83-4428-9AC7-D24957E99DCA}.Debug|Any CPU.ActiveCfg = Debug|Any CPU
		{BA66353B-6F83-4428-9AC7-D24957E99DCA}.Debug|Any CPU.Build.0 = Debug|Any CPU
		{BA66353B-6F83-4428-9AC7-D24957E99DCA}.Release|Any CPU.ActiveCfg = Release|Any CPU
		{BA66353B-6F83-4428-9AC7-D24957E99DCA}.Release|Any CPU.Build.0 = Release|Any CPU
	EndGlobalSection
	GlobalSection(SolutionProperties) = preSolution
		HideSolutionNode = FALSE
	EndGlobalSection
	GlobalSection(ExtensibilityGlobals) = postSolution
		SolutionGuid = {AB3F3B91-D66C-4F73-9FAF-98C604328A13}
	EndGlobalSection
EndGlobal
